lockfileVersion: '9.0'

settings:
  autoInstallPeers: true
  excludeLinksFromLockfile: false

importers:

  .:
    dependencies:
      bosch-xmpp-client:
        specifier: github:Martijn-W/dev.martijn.bosch-xmpp-client#semver:2.0.0
        version: git+https://github.com/Martijn-W/dev.martijn.bosch-xmpp-client.git#fe8aeab3a5d03393d7a602228edcbab1a035d29d
    devDependencies:
      '@tsconfig/node16':
        specifier: ^16.1.4
        version: 16.1.8
      '@types/homey':
        specifier: npm:homey-apps-sdk-v3-types@^0.3.12
        version: homey-apps-sdk-v3-types@0.3.12
      '@types/node':
        specifier: ^24.0.13
        version: 24.12.2
      typescript:
        specifier: ^5.8.3
        version: 5.9.3

packages:

  '@tsconfig/node16@16.1.8':
    resolution: {integrity: sha512-T/CfdwFry660WjZor56z0F3pxeCllt8KOxWcHFW6ZEuULKUObTDEMdgtctyuJPxwqyWDsvHRfxHaJ4FIICyoqQ==}

  '@types/node@14.18.63':
    resolution: {integrity: sha512-fAtCfv4jJg+ExtXhvCkCqUKZ+4ok/JQk01qDKhL5BDDoS3AxKXhV5/MAVUZyQnSEd2GT92fkgZl0pz0Q0AzcIQ==}

  '@types/node@24.12.2':
    resolution: {integrity: sha512-A1sre26ke7HDIuY/M23nd9gfB+nrmhtYyMINbjI1zHJxYteKR6qSMX56FsmjMcDb3SMcjJg5BiRRgOCC/yBD0g==}

  '@xmpp/base64@0.14.0':
    resolution: {integrity: sha512-tz2LuzLMtjGSVVeuXDnDw19H+uOrqhrRFcQKJ3THV0HVjerDewT8WKXdrtBVSQ7n4Ue0k+awYcIE7qDD9rwMMQ==}
    engines: {node: '>= 20.10'}

  '@xmpp/client-core@0.14.0':
    resolution: {integrity: sha512-fW0C6vn4y8Jp1g8uBmCETuOmEDXpjFc/mfY8P0J88nhK2AdPOB5m0ntz0yyAXcPd16smnHVckiOsk9qBjF9dDA==}
    engines: {node: '>= 20.10'}

  '@xmpp/client@0.14.0':
    resolution: {integrity: sha512-Y6k77iifYOGuWncOLRr6dVmbsQvcsIFjYI9pXhkSzQDDNnd3hVJGgo/Xx+W/0/o1+kg/tPm/NwX5Yq77NTd9xA==}
    engines: {node: '>= 20.10'}

  '@xmpp/connection-tcp@0.14.0':
    resolution: {integrity: sha512-gvYyUghuCHW0qalEYaZvbHeTnEoXc+hCCWP/qvoVGjjSQNwkYRUsy1/8RP/sA6RlQ2sR0nhpkJkJE6K/4rsFIQ==}
    engines: {node: '>= 20.10'}

  '@xmpp/connection@0.14.0':
    resolution: {integrity: sha512-VRnukXwiXWCsRVQVISUiAxHHgRWH37nxdUaz50o0+cUAYyqtlHIJ2zy+ZHMlxkEWtl+XciNLxwkJKbypJFQheQ==}
    engines: {node: '>= 20.10'}

  '@xmpp/error@0.14.0':
    resolution: {integrity: sha512-b4W/MwAZl8basfmYhcemK3De92xBOiSrIz0VY2cnN2ss1VMsa4d32GuaJGBIpa4ulN/2DFb3vPCeTn5jXvHAJw==}
    engines: {node: '>= 20.10'}

  '@xmpp/events@0.14.0':
    resolution: {integrity: sha512-6mKRIEi69sYr8H9SrkJKaXobOgCq/sU6/pKTQS5cuQZCy0qLuyx9uttkOyAYmtUbVD+HSrXYS72KhMpdQQh88Q==}
    engines: {node: '>= 20.10'}

  '@xmpp/id@0.14.0':
    resolution: {integrity: sha512-0n8OFYPWkBYDi5fHGiJT6SLg9ncOflTmINzjHzt5A3NxEMVrYmqxbRB44u3NLMk1gBNqGtEkc2wl0WHjS0tHWg==}
    engines: {node: '>= 20.10'}

  '@xmpp/iq@0.14.0':
    resolution: {integrity: sha512-0r3QVKR4XAvkZ4shQwPBkSM21sSfj26Cg8+AYBkd0BKJTde7mRQCISBNidt1xiXA5VPH1+6Qx7fmtPzk3uel+Q==}
    engines: {node: '>= 20.10'}

  '@xmpp/jid@0.14.0':
    resolution: {integrity: sha512-ggiNgjblkeHPbHJ7JLOMIqxc1qQQt0gV+LhXI16afib2wLr120YgvRChY04gjkvQ+IF2sGz7mzPvcAukTmNGHA==}
    engines: {node: '>= 20.10'}

  '@xmpp/middleware@0.14.0':
    resolution: {integrity: sha512-UGm7ed5NEMapE/z0jqY5daGSBqto/iciDjtyncoXHZdOnR4iFYFF9gSO/65Z1HsL2pbHQpcK0WS+Kn+FGOxPTw==}
    engines: {node: '>= 20.10'}

  '@xmpp/reconnect@0.14.0':
    resolution: {integrity: sha512-XaaT3KrFLf1ZfYZCIx11zauT8bIVXRz9FMaGj4mofq1tC8SiKvIIqJXSgrouhkibb9vPeM9XSiGkH47B/1hc6g==}
    engines: {node: '>= 20.10'}

  '@xmpp/resolve@0.14.0':
    resolution: {integrity: sha512-S4Rhupb2zS4EtT4EFUJLPl2pPSFPfrjp/1bxPil+zBt9sNcbrvIwSNaYeQAAfLD/yYb8/DhaxC/blvdHyM1Xzw==}
    engines: {node: '>= 20.10'}

  '@xmpp/resource-binding@0.14.0':
    resolution: {integrity: sha512-b8EyHUOpkAS25b6cpOQ8fv7cCLfOpJq4dkgs6Td0MdODMmcfWEh38siZKaP0OoNmYWZCxBSANdsBmeidozJxqA==}
    engines: {node: '>= 20.10'}

  '@xmpp/sasl-anonymous@0.14.0':
    resolution: {integrity: sha512-lZ8jaYuKBpfQ2T5Bv+7yxII9OduV1a+mlNkKtG94WchrVzR8fU6VpbTrez88KajA42ngcVCtiO3i6tPepYyK8Q==}
    engines: {node: '>= 20.10'}

  '@xmpp/sasl-ht-sha-256-none@0.14.0':
    resolution: {integrity: sha512-LmMSzX35bI/V2lV26k/hYPm8Pn7InsBEX72b86+ugIBQpzD8/jmB1F/Mfm5vrbWkMLl2KWe61gE+L/p0mvLZdA==}
    engines: {node: '>= 20.10'}

  '@xmpp/sasl-plain@0.14.0':
    resolution: {integrity: sha512-TGQX6gsCi6LP2lPNkkd+HoZ1ynCesRMQrtJrWbDAa6oMyCwie9xuBcG/5lDJ5fn03G7xxRh1YSQp+x8yFK+q4w==}
    engines: {node: '>= 20.10'}

  '@xmpp/sasl-scram-sha-1@0.14.0':
    resolution: {integrity: sha512-0ZrsMDx9Haou2yTCzDCwvMsYPvHCxF2bkpyBuiPoYAOWRsIQH1TssZK3d88N7wSvvojter905DNwLPizdaF3og==}
    engines: {node: '>= 20.10'}

  '@xmpp/sasl2@0.14.0':
    resolution: {integrity: sha512-OcDIDr9xwiOO58yqr6hj0eh9CfKOvwBbNDNhC0wByA07cwOsoojLb1dv3WR7pKk1cETv6wHWQ1o/leRoDB/Yzg==}
    engines: {node: '>= 14'}

  '@xmpp/sasl@0.14.0':
    resolution: {integrity: sha512-C6mWvtRhJCCjv0Q6uuc3FUuDdgUhnX7lCF9afmNT5umy1XB0l1iRmBJYTriSHNBwgErM3i3mydafeRjpuQfP5Q==}
    engines: {node: '>= 20.10'}

  '@xmpp/starttls@0.14.0':
    resolution: {integrity: sha512-n21Oy5pyD6Cipo96SAVI1ASx/5qo/z3W7J1TWZSG3/gGgrTaCB+VSV0xI+FqRexVJysg3lw3cBidYQL+Lp/pHw==}
    engines: {node: '>= 20.10'}

  '@xmpp/stream-features@0.14.0':
    resolution: {integrity: sha512-XoogP53qv1lzq/TNnzydT0KmmDKsJ7vpbV1c33fcuBDY0LCmPWA2U5th+Atn3JjEMlyznpVDFco9BF1NgFTHzg==}
    engines: {node: '>= 20.10'}

  '@xmpp/stream-management@0.14.0':
    resolution: {integrity: sha512-i7qLB8KXzLtm2TZXgtVlBprI4Vm8lykJ7Gth2TFavBTky+PQFNr2BH4lGxxvZ7/WkYbhx2jsmDT9JjI7sUCRdw==}
    engines: {node: '>= 20.10'}

  '@xmpp/tcp@0.14.0':
    resolution: {integrity: sha512-vJb5Y60ub+YClK01l+653+qpIe6vedw/82szuB4IU50eTDTL8voer6eGK7AMJOJzoZzRofbLh8Ow5txAyZ8vXw==}
    engines: {node: '>= 20.10'}

  '@xmpp/time@0.14.0':
    resolution: {integrity: sha512-KlOLwZXXYrRiIZ+Lg0Rg+iDxIBLfCgVQOkIaYG2nieLVtbrHItI5gv2eI2I6m0cPsX8LajGkCpvQTqUCNZclag==}
    engines: {node: '>= 20.10'}

  '@xmpp/tls@0.14.0':
    resolution: {integrity: sha512-nY/nHlHYgs3i2+xwt/5Ff3J4aCdZADdTOH+NwdfgqBIK9kWDJPW43nnIrbrZgmUL3YOjW5sb1lUI20bFUJACww==}
    engines: {node: '>= 20.10'}

  '@xmpp/websocket@0.14.0':
    resolution: {integrity: sha512-mRjpRHtOujrPIT7I/X2xvn8w6X/7J8gGPfGIKNGLJHBQu1OlT5noUd++mslCAcGdCOf5TGwtJvE7a8CPtSnTFg==}
    engines: {node: '>= 20.10'}

  '@xmpp/xml@0.14.0':
    resolution: {integrity: sha512-1rrj3SaIM51wtJUn1l2n4FK2e1QLfEmma9bsD1utaaosA8elpCyWi12QDPfaYoTyWSXNvQ7mGzvFevUJUs1mcQ==}
    engines: {node: '>= 20.10'}

  bosch-xmpp-client@git+https://github.com/Martijn-W/dev.martijn.bosch-xmpp-client.git#fe8aeab3a5d03393d7a602228edcbab1a035d29d:
    resolution: {commit: fe8aeab3a5d03393d7a602228edcbab1a035d29d, repo: https://github.com/Martijn-W/dev.martijn.bosch-xmpp-client.git, type: git}
    version: 2.0.0

  cipher-base@1.0.6:
    resolution: {integrity: sha512-3Ek9H3X6pj5TgenXYtNWdaBon1tgYCaebd+XPg0keyjEbEfkD4KkmAxkQ/i1vYvxdcT5nscLBfq9VJRmCBcFSw==}
    engines: {node: '>= 0.10'}

  create-hash@1.2.0:
    resolution: {integrity: sha512-z00bCGNHDG8mHAkP7CtT1qVu+bFQUPjYq/4Iv3C3kWjTFV10zIjfSoeqXo9Asws8gwSHDGj/hl2u4OGIjapeCg==}

  create-hmac@1.1.7:
    resolution: {integrity: sha512-MJG9liiZ+ogc4TzUwuvbER1JRdgvUFSB5+VR/g5h82fGaIRWMWddtKBHi7/sVhfjQZ6SehlyhvQYrcYkaUIpLg==}

  events@3.3.0:
    resolution: {integrity: sha512-mQw+2fkQbALzQ7V0MY0IqdnXNOeTtP4r0lN9z7AAawCXgqea7bDii20AYrIBrFd/Hx0M2Ocz6S111CaFkUcb0Q==}
    engines: {node: '>=0.8.x'}

  hash-base@3.1.0:
    resolution: {integrity: sha512-1nmYp/rhMDiE7AYkDw+lLwlAzz0AntGIe51F3RfFfEqyQ3feY2eI/NcwC6umIQVOASPMsWJLJScWKSSvzL9IVA==}
    engines: {node: '>=4'}

  homey-apps-sdk-v3-types@0.3.12:
    resolution: {integrity: sha512-xr275VoF7FAiTi6PzElqHWpuGgSBY9hZFZsKeCTA4rluopf8sVk6zUPa+giSRSTiTrN3N3QjmHD5lUoNVwYd4g==}

  inherits@2.0.4:
    resolution: {integrity: sha512-k/vGaX4/Yla3WzyMCvTQOXYeIHvqOKtnqBduzTHpzpQZzAskKMhZ2K+EnBiSM9zGSoIFeMpXKxa4dYeZIQqewQ==}

  koa-compose@4.1.0:
    resolution: {integrity: sha512-8ODW8TrDuMYvXRwra/Kh7/rJo9BtOfPc6qO8eAfC80CnCvSjSl0bkRM24X6/XBBEyj0v1nRUQ1LyOy3dbqOWXw==}

  ltx@3.1.2:
    resolution: {integrity: sha512-tFSKojN92FqNK6eRTmKK/ROUTUYVWKAxgohz523TPhF1G3nR3DXQS/I7/705rEPrDSloKDgMdRlh0qgMFQoVYw==}
    engines: {node: '>= 12.4.0'}

  md5.js@1.3.5:
    resolution: {integrity: sha512-xitP+WxNPcTTOgnTJcrhM0xvdPepipPSf3I8EIpGKeFLjt3PlJLIDG3u8EX53ZIubkb+5U2+3rELYpEhHhzdkg==}

  randombytes@2.1.0:
    resolution: {integrity: sha512-vYl3iOX+4CKUWuxGi9Ukhie6fsqXqS9FE2Zaic4tNFD2N2QQaXOMFbuKK4QmDHC0JO6B1Zp41J0LpT0oR68amQ==}

  readable-stream@3.6.2:
    resolution: {integrity: sha512-9u/sniCrY3D5WdsERHzHE4G2YCXqoG5FTHUiCC4SIbr6XcLZBY05ya9EKjYek9O5xOAwjGq+1JdGBAS7Q9ScoA==}
    engines: {node: '>= 6'}

  ripemd160@2.0.2:
    resolution: {integrity: sha512-ii4iagi25WusVoiC4B4lq7pbXfAp3D9v5CwfkY33vffw2+pkDjY1D8GaN7spsxvCSx8dkPqOZCEZyfxcmJG2IA==}

  safe-buffer@5.2.1:
    resolution: {integrity: sha512-rp3So07KcdmmKbGvgaNxQSJr7bGVSVk5S9Eq1F+ppbRo70+YeaDxkw5Dd8NPN+GD6bjnYm2VuPuCXmpuYvmCXQ==}

  sasl-anonymous@0.1.0:
    resolution: {integrity: sha512-x+0sdsV0Gie2EexxAUsx6ZoB+X6OCthlNBvAQncQxreEWQJByAPntj0EAgTlJc2kZicoc+yFzeR6cl8VfsQGfA==}
    engines: {node: '>= 0.4.0'}

  sasl-plain@0.1.0:
    resolution: {integrity: sha512-X8mCSfR8y0NryTu0tuVyr4IS2jBunBgyG+3a0gEEkd0nlHGiyqJhlc4EIkzmSwaa7F8S4yo+LS6Cu5qxRkJrmg==}
    engines: {node: '>= 0.4.0'}

  sasl-scram-sha-1@1.3.0:
    resolution: {integrity: sha512-hJE3eUCEx0aK+9jwHu6VVrQwb9qxv8RMc3ZciGF/ZzXgxptCX9QbfJT45nloJGxrR9AfBU6GiVNYKA5mrqu2KQ==}

  saslmechanisms@0.1.1:
    resolution: {integrity: sha512-pVlvK5ysevz8MzybRnDIa2YMxn0OJ7b9lDiWhMoaKPoJ7YkAg/7YtNjUgaYzElkwHxsw8dBMhaEn7UP6zxEwPg==}
    engines: {node: '>= 0.4.0'}

  sha.js@2.4.11:
    resolution: {integrity: sha512-QMEp5B7cftE7APOjk5Y6xgrbWu+WkLVQwk8JNjZ8nKRciZaByEW6MubieAiToS7+dwvrjGhH8jRXz3MVd0AYqQ==}
    hasBin: true

  string_decoder@1.3.0:
    resolution: {integrity: sha512-hkRX8U1WjJFd8LsDJ2yQ/wWWxaopEsABU1XfkM8A+j0+85JAGppt16cr1Whg6KIbb4okU6Mql6BOj+uup/wKeA==}

  typescript@5.9.3:
    resolution: {integrity: sha512-jl1vZzPDinLr9eUt3J/t7V6FgNEw9QjvBPdysz9KfQDD41fQrC2Y4vKQdiaUpFT4bXlb1RHhLpp8wtm6M5TgSw==}
    engines: {node: '>=14.17'}
    hasBin: true

  undici-types@7.16.0:
    resolution: {integrity: sha512-Zz+aZWSj8LE6zoxD+xrjh4VfkIG8Ya6LvYkZqtUQGJPZjYl53ypCaUwWqo7eI0x66KBGeRo+mlBEkMSeSZ38Nw==}

  util-deprecate@1.0.2:
    resolution: {integrity: sha512-EPD5q1uXyFxJpCrLnCc1nHnq3gOa6DZBocAIiI2TaSCA7VCJ1UJDMagCzIkXNsUYfD1daK//LTEQ8xiIbrHtcw==}

snapshots:

  '@tsconfig/node16@16.1.8': {}

  '@types/node@14.18.63': {}

  '@types/node@24.12.2':
    dependencies:
      undici-types: 7.16.0

  '@xmpp/base64@0.14.0': {}

  '@xmpp/client-core@0.14.0':
    dependencies:
      '@xmpp/connection': 0.14.0
      '@xmpp/events': 0.14.0
      '@xmpp/jid': 0.14.0
      '@xmpp/sasl': 0.14.0
      '@xmpp/xml': 0.14.0
      saslmechanisms: 0.1.1

  '@xmpp/client@0.14.0':
    dependencies:
      '@xmpp/client-core': 0.14.0
      '@xmpp/iq': 0.14.0
      '@xmpp/middleware': 0.14.0
      '@xmpp/reconnect': 0.14.0
      '@xmpp/resolve': 0.14.0
      '@xmpp/resource-binding': 0.14.0
      '@xmpp/sasl': 0.14.0
      '@xmpp/sasl-anonymous': 0.14.0
      '@xmpp/sasl-ht-sha-256-none': 0.14.0
      '@xmpp/sasl-plain': 0.14.0
      '@xmpp/sasl-scram-sha-1': 0.14.0
      '@xmpp/sasl2': 0.14.0
      '@xmpp/starttls': 0.14.0
      '@xmpp/stream-features': 0.14.0
      '@xmpp/stream-management': 0.14.0
      '@xmpp/tcp': 0.14.0
      '@xmpp/tls': 0.14.0
      '@xmpp/websocket': 0.14.0
      saslmechanisms: 0.1.1

  '@xmpp/connection-tcp@0.14.0':
    dependencies:
      '@xmpp/connection': 0.14.0
      '@xmpp/xml': 0.14.0

  '@xmpp/connection@0.14.0':
    dependencies:
      '@xmpp/error': 0.14.0
      '@xmpp/events': 0.14.0
      '@xmpp/jid': 0.14.0
      '@xmpp/xml': 0.14.0

  '@xmpp/error@0.14.0': {}

  '@xmpp/events@0.14.0':
    dependencies:
      events: 3.3.0

  '@xmpp/id@0.14.0': {}

  '@xmpp/iq@0.14.0':
    dependencies:
      '@xmpp/events': 0.14.0
      '@xmpp/id': 0.14.0
      '@xmpp/middleware': 0.14.0
      '@xmpp/xml': 0.14.0

  '@xmpp/jid@0.14.0': {}

  '@xmpp/middleware@0.14.0':
    dependencies:
      '@xmpp/error': 0.14.0
      '@xmpp/jid': 0.14.0
      '@xmpp/xml': 0.14.0
      koa-compose: 4.1.0

  '@xmpp/reconnect@0.14.0':
    dependencies:
      '@xmpp/events': 0.14.0

  '@xmpp/resolve@0.14.0':
    dependencies:
      '@xmpp/events': 0.14.0
      '@xmpp/xml': 0.14.0

  '@xmpp/resource-binding@0.14.0':
    dependencies:
      '@xmpp/xml': 0.14.0

  '@xmpp/sasl-anonymous@0.14.0':
    dependencies:
      sasl-anonymous: 0.1.0

  '@xmpp/sasl-ht-sha-256-none@0.14.0': {}

  '@xmpp/sasl-plain@0.14.0':
    dependencies:
      sasl-plain: 0.1.0

  '@xmpp/sasl-scram-sha-1@0.14.0':
    dependencies:
      sasl-scram-sha-1: 1.3.0

  '@xmpp/sasl2@0.14.0':
    dependencies:
      '@xmpp/base64': 0.14.0
      '@xmpp/error': 0.14.0
      '@xmpp/events': 0.14.0
      '@xmpp/jid': 0.14.0
      '@xmpp/sasl': 0.14.0
      '@xmpp/xml': 0.14.0

  '@xmpp/sasl@0.14.0':
    dependencies:
      '@xmpp/base64': 0.14.0
      '@xmpp/error': 0.14.0
      '@xmpp/events': 0.14.0
      '@xmpp/xml': 0.14.0

  '@xmpp/starttls@0.14.0':
    dependencies:
      '@xmpp/events': 0.14.0
      '@xmpp/tls': 0.14.0
      '@xmpp/xml': 0.14.0

  '@xmpp/stream-features@0.14.0': {}

  '@xmpp/stream-management@0.14.0':
    dependencies:
      '@xmpp/error': 0.14.0
      '@xmpp/events': 0.14.0
      '@xmpp/time': 0.14.0
      '@xmpp/xml': 0.14.0

  '@xmpp/tcp@0.14.0':
    dependencies:
      '@xmpp/connection-tcp': 0.14.0

  '@xmpp/time@0.14.0': {}

  '@xmpp/tls@0.14.0':
    dependencies:
      '@xmpp/connection': 0.14.0
      '@xmpp/connection-tcp': 0.14.0
      '@xmpp/events': 0.14.0

  '@xmpp/websocket@0.14.0':
    dependencies:
      '@xmpp/connection': 0.14.0
      '@xmpp/events': 0.14.0
      '@xmpp/xml': 0.14.0

  '@xmpp/xml@0.14.0':
    dependencies:
      '@xmpp/events': 0.14.0
      ltx: 3.1.2

  bosch-xmpp-client@git+https://github.com/Martijn-W/dev.martijn.bosch-xmpp-client.git#fe8aeab3a5d03393d7a602228edcbab1a035d29d:
    dependencies:
      '@xmpp/client': 0.14.0
      '@xmpp/sasl-scram-sha-1': 0.14.0

  cipher-base@1.0.6:
    dependencies:
      inherits: 2.0.4
      safe-buffer: 5.2.1

  create-hash@1.2.0:
    dependencies:
      cipher-base: 1.0.6
      inherits: 2.0.4
      md5.js: 1.3.5
      ripemd160: 2.0.2
      sha.js: 2.4.11

  create-hmac@1.1.7:
    dependencies:
      cipher-base: 1.0.6
      create-hash: 1.2.0
      inherits: 2.0.4
      ripemd160: 2.0.2
      safe-buffer: 5.2.1
      sha.js: 2.4.11

  events@3.3.0: {}

  hash-base@3.1.0:
    dependencies:
      inherits: 2.0.4
      readable-stream: 3.6.2
      safe-buffer: 5.2.1

  homey-apps-sdk-v3-types@0.3.12:
    dependencies:
      '@types/node': 14.18.63

  inherits@2.0.4: {}

  koa-compose@4.1.0: {}

  ltx@3.1.2: {}

  md5.js@1.3.5:
    dependencies:
      hash-base: 3.1.0
      inherits: 2.0.4
      safe-buffer: 5.2.1

  randombytes@2.1.0:
    dependencies:
      safe-buffer: 5.2.1

  readable-stream@3.6.2:
    dependencies:
      inherits: 2.0.4
      string_decoder: 1.3.0
      util-deprecate: 1.0.2

  ripemd160@2.0.2:
    dependencies:
      hash-base: 3.1.0
      inherits: 2.0.4

  safe-buffer@5.2.1: {}

  sasl-anonymous@0.1.0: {}

  sasl-plain@0.1.0: {}

  sasl-scram-sha-1@1.3.0:
    dependencies:
      create-hash: 1.2.0
      create-hmac: 1.1.7
      randombytes: 2.1.0

  saslmechanisms@0.1.1: {}

  sha.js@2.4.11:
    dependencies:
      inherits: 2.0.4
      safe-buffer: 5.2.1

  string_decoder@1.3.0:
    dependencies:
      safe-buffer: 5.2.1

  typescript@5.9.3: {}

  undici-types@7.16.0: {}

  util-deprecate@1.0.2: {}
